// !$*UTF8*$!
{
	archiveVersion = 1;
	classes = {
	};
	objectVersion = 50;
	objects = {

/* Begin PBXBuildFile section */
		3F749E63263DCF300058EEF1 /* Preferences.swift in Sources */ = {isa = PBXBuildFile; fileRef = 3F749E62263DCF300058EEF1 /* Preferences.swift */; };
		3F82913D26179DF40062B168 /* CanvasWrapper.swift in Sources */ = {isa = PBXBuildFile; fileRef = 3F82913C26179DF40062B168 /* CanvasWrapper.swift */; };
		3F8CDFA4260E96F400B0C413 /* MyCanvas.xcdatamodeld in Sources */ = {isa = PBXBuildFile; fileRef = 3F8CDFA2260E96F400B0C413 /* MyCanvas.xcdatamodeld */; };
		3F8CDFA9260E999400B0C413 /* Persistence.swift in Sources */ = {isa = PBXBuildFile; fileRef = 3F8CDFA8260E999400B0C413 /* Persistence.swift */; };
		3F8E0E6325F78E24002785FD /* MyCanvasApp.swift in Sources */ = {isa = PBXBuildFile; fileRef = 3F8E0E6225F78E24002785FD /* MyCanvasApp.swift */; };
		3F8E0E6525F78E24002785FD /* ContentView.swift in Sources */ = {isa = PBXBuildFile; fileRef = 3F8E0E6425F78E24002785FD /* ContentView.swift */; };
		3F8E0E6725F78E27002785FD /* Assets.xcassets in Resources */ = {isa = PBXBuildFile; fileRef = 3F8E0E6625F78E27002785FD /* Assets.xcassets */; };
		3F8E0E6A25F78E27002785FD /* Preview Assets.xcassets in Resources */ = {isa = PBXBuildFile; fileRef = 3F8E0E6925F78E27002785FD /* Preview Assets.xcassets */; };
		3F8E0E7325F7D674002785FD /* GalleryView.swift in Sources */ = {isa = PBXBuildFile; fileRef = 3F8E0E7225F7D674002785FD /* GalleryView.swift */; };
		3F8E0E7625F7D72A002785FD /* CanvasView.swift in Sources */ = {isa = PBXBuildFile; fileRef = 3F8E0E7525F7D72A002785FD /* CanvasView.swift */; };
/* End PBXBuildFile section */

/* Begin PBXFileReference section */
		3F749E62263DCF300058EEF1 /* Preferences.swift */ = {isa = PBXFileReference; lastKnownFileType = sourcecode.swift; path = Preferences.swift; sourceTree = "<group>"; };
		3F82913C26179DF40062B168 /* CanvasWrapper.swift */ = {isa = PBXFileReference; lastKnownFileType = sourcecode.swift; path = CanvasWrapper.swift; sourceTree = "<group>"; };
		3F8CDFA3260E96F400B0C413 /* DataModel.xcdatamodel */ = {isa = PBXFileReference; lastKnownFileType = wrapper.xcdatamodel; path = DataModel.xcdatamodel; sourceTree = "<group>"; };
		3F8CDFA8260E999400B0C413 /* Persistence.swift */ = {isa = PBXFileReference; lastKnownFileType = sourcecode.swift; path = Persistence.swift; sourceTree = "<group>"; };
		3F8E0E5F25F78E24002785FD /* MyCanvas.app */ = {isa = PBXFileReference; explicitFileType = wrapper.application; includeInIndex = 0; path = MyCanvas.app; sourceTree = BUILT_PRODUCTS_DIR; };
		3F8E0E6225F78E24002785FD /* MyCanvasApp.swift */ = {isa = PBXFileReference; lastKnownFileType = sourcecode.swift; path = MyCanvasApp.swift; sourceTree = "<group>"; };
		3F8E0E6425F78E24002785FD /* ContentView.swift */ = {isa = PBXFileReference; lastKnownFileType = sourcecode.swift; path = ContentView.swift; sourceTree = "<group>"; };
		3F8E0E6625F78E27002785FD /* Assets.xcassets */ = {isa = PBXFileReference; lastKnownFileType = folder.assetcatalog; path = Assets.xcassets; sourceTree = "<group>"; };
		3F8E0E6925F78E27002785FD /* Preview Assets.xcassets */ = {isa = PBXFileReference; lastKnownFileType = folder.assetcatalog; path = "Preview Assets.xcassets"; sourceTree = "<group>"; };
		3F8E0E6B25F78E27002785FD /* Info.plist */ = {isa = PBXFileReference; lastKnownFileType = text.plist.xml; path = Info.plist; sourceTree = "<group>"; };
		3F8E0E7225F7D674002785FD /* GalleryView.swift */ = {isa = PBXFileReference; lastKnownFileType = sourcecode.swift; path = GalleryView.swift; sourceTree = "<group>"; };
		3F8E0E7525F7D72A002785FD /* CanvasView.swift */ = {isa = PBXFileReference; lastKnownFileType = sourcecode.swift; path = CanvasView.swift; sourceTree = "<group>"; };
/* End PBXFileReference section */

/* Begin PBXFrameworksBuildPhase section */
		3F8E0E5C25F78E24002785FD /* Frameworks */ = {
			isa = PBXFrameworksBuildPhase;
			buildActionMask = 2147483647;
			files = (
			);
			runOnlyForDeploymentPostprocessing = 0;
		};
/* End PBXFrameworksBuildPhase section */

/* Begin PBXGroup section */
		3F8E0E5625F78E24002785FD = {
			isa = PBXGroup;
			children = (
				3F8E0E6125F78E24002785FD /* MyCanvas */,
				3F8E0E6025F78E24002785FD /* Products */,
			);
			sourceTree = "<group>";
		};
		3F8E0E6025F78E24002785FD /* Products */ = {
			isa = PBXGroup;
			children = (
				3F8E0E5F25F78E24002785FD /* MyCanvas.app */,
			);
			name = Products;
			sourceTree = "<group>";
		};
		3F8E0E6125F78E24002785FD /* MyCanvas */ = {
			isa = PBXGroup;
			children = (
				3F8E0E6225F78E24002785FD /* MyCanvasApp.swift */,
				3F8CDFA8260E999400B0C413 /* Persistence.swift */,
				3F749E62263DCF300058EEF1 /* Preferences.swift */,
				3F8E0E6425F78E24002785FD /* ContentView.swift */,
				3F8E0E7225F7D674002785FD /* GalleryView.swift */,
				3F8E0E7525F7D72A002785FD /* CanvasView.swift */,
				3F82913C26179DF40062B168 /* CanvasWrapper.swift */,
				3F8CDFA2260E96F400B0C413 /* MyCanvas.xcdatamodeld */,
				3F8E0E6625F78E27002785FD /* Assets.xcassets */,
				3F8E0E6B25F78E27002785FD /* Info.plist */,
				3F8E0E6825F78E27002785FD /* Preview Content */,
			);
			path = MyCanvas;
			sourceTree = "<group>";
		};
		3F8E0E6825F78E27002785FD /* Preview Content */ = {
			isa = PBXGroup;
			children = (
				3F8E0E6925F78E27002785FD /* Preview Assets.xcassets */,
			);
			path = "Preview Content";
			sourceTree = "<group>";
		};
/* End PBXGroup section */

/* Begin PBXNativeTarget section */
		3F8E0E5E25F78E24002785FD /* MyCanvas */ = {
			isa = PBXNativeTarget;
			buildConfigurationList = 3F8E0E6E25F78E27002785FD /* Build configuration list for PBXNativeTarget "MyCanvas" */;
			buildPhases = (
				3F8E0E5B25F78E24002785FD /* Sources */,
				3F8E0E5C25F78E24002785FD /* Frameworks */,
				3F8E0E5D25F78E24002785FD /* Resources */,
			);
			buildRules = (
			);
			dependencies = (
			);
			name = MyCanvas;
			productName = MyCanvas;
			productReference = 3F8E0E5F25F78E24002785FD /* MyCanvas.app */;
			productType = "com.apple.product-type.application";
		};
/* End PBXNativeTarget section */

/* Begin PBXProject section */
		3F8E0E5725F78E24002785FD /* Project object */ = {
			isa = PBXProject;
			attributes = {
				LastSwiftUpdateCheck = 1210;
				LastUpgradeCheck = 1210;
				TargetAttributes = {
					3F8E0E5E25F78E24002785FD = {
						CreatedOnToolsVersion = 12.1;
					};
				};
			};
			buildConfigurationList = 3F8E0E5A25F78E24002785FD /* Build configuration list for PBXProject "MyCanvas" */;
			compatibilityVersion = "Xcode 9.3";
			developmentRegion = en;
			hasScannedForEncodings = 0;
			knownRegions = (
				en,
				Base,
			);
			mainGroup = 3F8E0E5625F78E24002785FD;
			productRefGroup = 3F8E0E6025F78E24002785FD /* Products */;
			projectDirPath = "";
			projectRoot = "";
			targets = (
				3F8E0E5E25F78E24002785FD /* MyCanvas */,
			);
		};
/* End PBXProject section */

/* Begin PBXResourcesBuildPhase section */
		3F8E0E5D25F78E24002785FD /* Resources */ = {
			isa = PBXResourcesBuildPhase;
			buildActionMask = 2147483647;
			files = (
				3F8E0E6A25F78E27002785FD /* Preview Assets.xcassets in Resources */,
				3F8E0E6725F78E27002785FD /* Assets.xcassets in Resources */,
			);
			runOnlyForDeploymentPostprocessing = 0;
		};
/* End PBXResourcesBuildPhase section */

/* Begin PBXSourcesBuildPhase section */
		3F8E0E5B25F78E24002785FD /* Sources */ = {
			isa = PBXSourcesBuildPhase;
			buildActionMask = 2147483647;
			files = (
				3F8E0E6525F78E24002785FD /* ContentView.swift in Sources */,
				3F8E0E7325F7D674002785FD /* GalleryView.swift in Sources */,
				3F82913D26179DF40062B168 /* CanvasWrapper.swift in Sources */,
				3F8E0E7625F7D72A002785FD /* CanvasView.swift in Sources */,
				3F8CDFA9260E999400B0C413 /* Persistence.swift in Sources */,
				3F8CDFA4260E96F400B0C413 /* MyCanvas.xcdatamodeld in Sources */,
				3F749E63263DCF300058EEF1 /* Preferences.swift in Sources */,
				3F8E0E6325F78E24002785FD /* MyCanvasApp.swift in Sources */,
			);
			runOnlyForDeploymentPostprocessing = 0;
		};
/* End PBXSourcesBuildPhase section */

/* Begin XCBuildConfiguration section */
		3F8E0E6C25F78E27002785FD /* Debug */ = {
			isa = XCBuildConfiguration;
			buildSettings = {
				ALWAYS_SEARCH_USER_PATHS = NO;
				CLANG_ANALYZER_NONNULL = YES;
				CLANG_ANALYZER_NUMBER_OBJECT_CONVERSION = YES_AGGRESSIVE;
				CLANG_CXX_LANGUAGE_STANDARD = "gnu++14";
				CLANG_CXX_LIBRARY = "libc++";
				CLANG_ENABLE_MODULES = YES;
				CLANG_ENABLE_OBJC_ARC = YES;
				CLANG_ENABLE_OBJC_WEAK = YES;
				CLANG_WARN_BLOCK_CAPTURE_AUTORELEASING = YES;
				CLANG_WARN_BOOL_CONVERSION = YES;
				CLANG_WARN_COMMA = YES;
				CLANG_WARN_CONSTANT_CONVERSION = YES;
				CLANG_WARN_DEPRECATED_OBJC_IMPLEMENTATIONS = YES;
				CLANG_WARN_DIRECT_OBJC_ISA_USAGE = YES_ERROR;
				CLANG_WARN_DOCUMENTATION_COMMENTS = YES;
				CLANG_WARN_EMPTY_BODY = YES;
				CLANG_WARN_ENUM_CONVERSION = YES;
				CLANG_WARN_INFINITE_RECURSION = YES;
				CLANG_WARN_INT_CONVERSION = YES;
				CLANG_WARN_NON_LITERAL_NULL_CONVERSION = YES;
				CLANG_WARN_OBJC_IMPLICIT_RETAIN_SELF = YES;
				CLANG_WARN_OBJC_LITERAL_CONVERSION = YES;
				CLANG_WARN_OBJC_ROOT_CLASS = YES_ERROR;
				CLANG_WARN_QUOTED_INCLUDE_IN_FRAMEWORK_HEADER = YES;
				CLANG_WARN_RANGE_LOOP_ANALYSIS = YES;
				CLANG_WARN_STRICT_PROTOTYPES = YES;
				CLANG_WARN_SUSPICIOUS_MOVE = YES;
				CLANG_WARN_UNGUARDED_AVAILABILITY = YES_AGGRESSIVE;
				CLANG_WARN_UNREACHABLE_CODE = YES;
				CLANG_WARN__DUPLICATE_METHOD_MATCH = YES;
				COPY_PHASE_STRIP = NO;
				DEBUG_INFORMATION_FORMAT = dwarf;
				ENABLE_STRICT_OBJC_MSGSEND = YES;
				ENABLE_TESTABILITY = YES;
				GCC_C_LANGUAGE_STANDARD = gnu11;
				GCC_DYNAMIC_NO_PIC = NO;
				GCC_NO_COMMON_BLOCKS = YES;
				GCC_OPTIMIZATION_LEVEL = 0;
				GCC_PREPROCESSOR_DEFINITIONS = (
					"DEBUG=1",
					"$(inherited)",
				);
				GCC_WARN_64_TO_32_BIT_CONVERSION = YES;
				GCC_WARN_ABOUT_RETURN_TYPE = YES_ERROR;
				GCC_WARN_UNDECLARED_SELECTOR = YES;
				GCC_WARN_UNINITIALIZED_AUTOS = YES_AGGRESSIVE;
				GCC_WARN_UNUSED_FUNCTION = YES;
				GCC_WARN_UNUSED_VARIABLE = YES;
				IPHONEOS_DEPLOYMENT_TARGET = 14.1;
				MTL_ENABLE_DEBUG_INFO = INCLUDE_SOURCE;
				MTL_FAST_MATH = YES;
				ONLY_ACTIVE_ARCH = YES;
				SDKROOT = iphoneos;
				SWIFT_ACTIVE_COMPILATION_CONDITIONS = DEBUG;
				SWIFT_OPTIMIZATION_LEVEL = "-Onone";
			};
			name = Debug;
		};
		3F8E0E6D25F78E27002785FD /* Release */ = {
			isa = XCBuildConfiguration;
			buildSettings = {
				ALWAYS_SEARCH_USER_PATHS = NO;
				CLANG_ANALYZER_NONNULL = YES;
				CLANG_ANALYZER_NUMBER_OBJECT_CONVERSION = YES_AGGRESSIVE;
				CLANG_CXX_LANGUAGE_STANDARD = "gnu++14";
				CLANG_CXX_LIBRARY = "libc++";
				CLANG_ENABLE_MODULES = YES;
				CLANG_ENABLE_OBJC_ARC = YES;
				CLANG_ENABLE_OBJC_WEAK = YES;
				CLANG_WARN_BLOCK_CAPTURE_AUTORELEASING = YES;
				CLANG_WARN_BOOL_CONVERSION = YES;
				CLANG_WARN_COMMA = YES;
				CLANG_WARN_CONSTANT_CONVERSION = YES;
				CLANG_WARN_DEPRECATED_OBJC_IMPLEMENTATIONS = YES;
				CLANG_WARN_DIRECT_OBJC_ISA_USAGE = YES_ERROR;
				CLANG_WARN_DOCUMENTATION_COMMENTS = YES;
				CLANG_WARN_EMPTY_BODY = YES;
				CLANG_WARN_ENUM_CONVERSION = YES;
				CLANG_WARN_INFINITE_RECURSION = YES;
				CLANG_WARN_INT_CONVERSION = YES;
				CLANG_WARN_NON_LITERAL_NULL_CONVERSION = YES;
				CLANG_WARN_OBJC_IMPLICIT_RETAIN_SELF = YES;
				CLANG_WARN_OBJC_LITERAL_CONVERSION = YES;
				CLANG_WARN_OBJC_ROOT_CLASS = YES_ERROR;
				CLANG_WARN_QUOTED_INCLUDE_IN_FRAMEWORK_HEADER = YES;
				CLANG_WARN_RANGE_LOOP_ANALYSIS = YES;
				CLANG_WARN_STRICT_PROTOTYPES = YES;
				CLANG_WARN_SUSPICIOUS_MOVE = YES;
				CLANG_WARN_UNGUARDED_AVAILABILITY = YES_AGGRESSIVE;
				CLANG_WARN_UNREACHABLE_CODE = YES;
				CLANG_WARN__DUPLICATE_METHOD_MATCH = YES;
				COPY_PHASE_STRIP = NO;
				DEBUG_INFORMATION_FORMAT = "dwarf-with-dsym";
				ENABLE_NS_ASSERTIONS = NO;
				ENABLE_STRICT_OBJC_MSGSEND = YES;
				GCC_C_LANGUAGE_STANDARD = gnu11;
				GCC_NO_COMMON_BLOCKS = YES;
				GCC_WARN_64_TO_32_BIT_CONVERSION = YES;
				GCC_WARN_ABOUT_RETURN_TYPE = YES_ERROR;
				GCC_WARN_UNDECLARED_SELECTOR = YES;
				GCC_WARN_UNINITIALIZED_AUTOS = YES_AGGRESSIVE;
				GCC_WARN_UNUSED_FUNCTION = YES;
				GCC_WARN_UNUSED_VARIABLE = YES;
				IPHONEOS_DEPLOYMENT_TARGET = 14.1;
				MTL_ENABLE_DEBUG_INFO = NO;
				MTL_FAST_MATH = YES;
				SDKROOT = iphoneos;
				SWIFT_COMPILATION_MODE = wholemodule;
				SWIFT_OPTIMIZATION_LEVEL = "-O";
				VALIDATE_PRODUCT = YES;
			};
			name = Release;
		};
		3F8E0E6F25F78E27002785FD /* Debug */ = {
			isa = XCBuildConfiguration;
			buildSettings = {
				ASSETCATALOG_COMPILER_APPICON_NAME = AppIcon;
				ASSETCATALOG_COMPILER_GLOBAL_ACCENT_COLOR_NAME = AccentColor;
				CODE_SIGN_STYLE = Automatic;
				DEVELOPMENT_ASSET_PATHS = "\"MyCanvas/Preview Content\"";
				DEVELOPMENT_TEAM = W3XKBKH34A;
				ENABLE_PREVIEWS = YES;
				INFOPLIST_FILE = MyCanvas/Info.plist;
				IPHONEOS_DEPLOYMENT_TARGET = 14.0;
				LD_RUNPATH_SEARCH_PATHS = (
					"$(inherited)",
					"@executable_path/Frameworks",
				);
				PRODUCT_BUNDLE_IDENTIFIER = de.hshl.isd.MyCanvas;
				PRODUCT_NAME = "$(TARGET_NAME)";
				SWIFT_VERSION = 5.0;
				TARGETED_DEVICE_FAMILY = "1,2";
			};
			name = Debug;
		};
		3F8E0E7025F78E27002785FD /* Release */ = {
			isa = XCBuildConfiguration;
			buildSettings = {
				ASSETCATALOG_COMPILER_APPICON_NAME = AppIcon;
				ASSETCATALOG_COMPILER_GLOBAL_ACCENT_COLOR_NAME = AccentColor;
				CODE_SIGN_STYLE = Automatic;
				DEVELOPMENT_ASSET_PATHS = "\"MyCanvas/Preview Content\"";
				DEVELOPMENT_TEAM = W3XKBKH34A;
				ENABLE_PREVIEWS = YES;
				INFOPLIST_FILE = MyCanvas/Info.plist;
				IPHONEOS_DEPLOYMENT_TARGET = 14.0;
				LD_RUNPATH_SEARCH_PATHS = (
					"$(inherited)",
					"@executable_path/Frameworks",
				);
				PRODUCT_BUNDLE_IDENTIFIER = de.hshl.isd.MyCanvas;
				PRODUCT_NAME = "$(TARGET_NAME)";
				SWIFT_VERSION = 5.0;
				TARGETED_DEVICE_FAMILY = "1,2";
			};
			name = Release;
		};
/* End XCBuildConfiguration section */

/* Begin XCConfigurationList section */
		3F8E0E5A25F78E24002785FD /* Build configuration list for PBXProject "MyCanvas" */ = {
			isa = XCConfigurationList;
			buildConfigurations = (
				3F8E0E6C25F78E27002785FD /* Debug */,
				3F8E0E6D25F78E27002785FD /* Release */,
			);
			defaultConfigurationIsVisible = 0;
			defaultConfigurationName = Release;
		};
		3F8E0E6E25F78E27002785FD /* Build configuration list for PBXNativeTarget "MyCanvas" */ = {
			isa = XCConfigurationList;
			buildConfigurations = (
				3F8E0E6F25F78E27002785FD /* Debug */,
				3F8E0E7025F78E27002785FD /* Release */,
			);
			defaultConfigurationIsVisible = 0;
			defaultConfigurationName = Release;
		};
/* End XCConfigurationList section */

/* Begin XCVersionGroup section */
		3F8CDFA2260E96F400B0C413 /* MyCanvas.xcdatamodeld */ = {
			isa = XCVersionGroup;
			children = (
				3F8CDFA3260E96F400B0C413 /* DataModel.xcdatamodel */,
			);
			currentVersion = 3F8CDFA3260E96F400B0C413 /* DataModel.xcdatamodel */;
			path = MyCanvas.xcdatamodeld;
			sourceTree = "<group>";
			versionGroupType = wrapper.xcdatamodel;
		};
/* End XCVersionGroup section */
	};
	rootObject = 3F8E0E5725F78E24002785FD /* Project object */;
}
